
Microsoft Visual Studio Solution File, Format Version 12.00
# Visual Studio Version 16
VisualStudioVersion = 16.0.29911.84
MinimumVisualStudioVersion = 10.0.40219.1
Project("{FAE04EC0-301F-11D3-BF4B-00C04F79EFBC}") = "ReadClick", "ReadClick\ReadClick.csproj", "{A9DDC8C3-CEF1-429C-8241-54E986365A1E}"
EndProject
Global
	GlobalSection(SolutionConfigurationPlatforms) = preSolution
		Debug|Any CPU = Debug|Any CPU
		Release|Any CPU = Release|Any CPU
	EndGlobalSection
	GlobalSection(ProjectConfigurationPlatforms) = postSolution
		{A9DDC8C3-CEF1-429C-8241-54E986365A1E}.Debug|Any CPU.ActiveCfg = Debug|Any CPU
		{A9DDC8C3-CEF1-429C-8241-54E986365A1E}.Debug|Any CPU.Build.0 = Debug|Any CPU
		{A9DDC8C3-CEF1-429C-8241-54E986365A1E}.Release|Any CPU.ActiveCfg = Release|Any CPU
		{A9DDC8C3-CEF1-429C-8241-54E986365A1E}.Release|Any CPU.Build.0 = Release|Any CPU
	EndGlobalSection
	GlobalSection(SolutionProperties) = preSolution
		HideSolutionNode = FALSE
	EndGlobalSection
	GlobalSection(ExtensibilityGlobals) = postSolution
		SolutionGuid = {1B05DF77-5085-4D6D-BB3E-7889764EAA12}
	EndGlobalSection
EndGlobal
